<?xml version="1.0" encoding="utf-8"?>
<Project ToolsVersion="4.0" xmlns="http://schemas.microsoft.com/developer/msbuild/2003">
  <ItemGroup>
    <Filter Include="include">
      <UniqueIdentifier>{89AF369E-F58E-B539-FEA6-40106A051C9B}</UniqueIdentifier>
    </Filter>
    <Filter Include="include\Core">
      <UniqueIdentifier>{81F1C769-6D54-570E-16DA-8FC4021C2391}</UniqueIdentifier>
    </Filter>
    <Filter Include="include\Event">
      <UniqueIdentifier>{9AF3EDA2-06B4-69D9-CFEE-B2563B6EAEB5}</UniqueIdentifier>
    </Filter>
    <Filter Include="resources">
      <UniqueIdentifier>{202B5BA7-8C95-0F1E-D5D3-C0C3417DED72}</UniqueIdentifier>
    </Filter>
    <Filter Include="resources\shaders">
      <UniqueIdentifier>{19081037-851E-0ECD-CE95-99EE3AEBDE54}</UniqueIdentifier>
    </Filter>
    <Filter Include="src">
      <UniqueIdentifier>{2DAB880B-99B4-887C-2230-9F7C8E38947C}</UniqueIdentifier>
    </Filter>
    <Filter Include="src\Core">
      <UniqueIdentifier>{A5D31CCF-91A0-77DA-BAB9-6582A6E5AC68}</UniqueIdentifier>
    </Filter>
    <Filter Include="src\Event">
      <UniqueIdentifier>{3E1ADFB2-AA84-9329-F3C2-44CF5F6C717E}</UniqueIdentifier>
    </Filter>
  </ItemGroup>
  <ItemGroup>
    <ClInclude Include="include\Core\CoreDefines.hpp">
      <Filter>include\Core</Filter>
    </ClInclude>
    <ClInclude Include="include\Core\CoreMacros.hpp">
      <Filter>include\Core</Filter>
    </ClInclude>
    <ClInclude Include="include\Core\CorePCH.hpp">
      <Filter>include\Core</Filter>
    </ClInclude>
    <ClInclude Include="include\Core\CoreUtility.hpp">
      <Filter>include\Core</Filter>
    </ClInclude>
    <ClInclude Include="include\Core\RendererCore.hpp">
      <Filter>include\Core</Filter>
    </ClInclude>
    <ClInclude Include="include\Event\Event.hpp">
      <Filter>include\Event</Filter>
    </ClInclude>
    <ClInclude Include="include\Event\EventListener.hpp">
      <Filter>include\Event</Filter>
    </ClInclude>
    <ClInclude Include="include\Event\EventPool.hpp">
      <Filter>include\Event</Filter>
    </ClInclude>
    <ClInclude Include="include\Graphics\Graphics.hpp">
      <Filter>include</Filter>
    </ClInclude>
    <ClInclude Include="include\Renderer.hpp">
      <Filter>include</Filter>
    </ClInclude>
    <ClInclude Include="include\Window\Window.hpp">
      <Filter>include</Filter>
    </ClInclude>
    <ClInclude Include="include\Graphics\DirectX\InfoQueue.hpp" />
    <ClInclude Include="include\Timer.hpp" />
    <ClInclude Include="include\Window\WindowGeometry.hpp" />
    <ClInclude Include="include\Event\EventDispatcher.hpp" />
    <ClInclude Include="include\Event\EventSystem.hpp" />
    <ClInclude Include="include\Window\Mouse.hpp" />
    <ClInclude Include="include\Graphics\DirectX\Buffer.hpp" />
    <ClInclude Include="include\Graphics\DirectX\Shader.hpp" />
  </ItemGroup>
  <ItemGroup>
    <ClCompile Include="src\Core\CorePCH.cpp">
      <Filter>src\Core</Filter>
    </ClCompile>
    <ClCompile Include="src\Graphics\Graphics.cpp">
      <Filter>src</Filter>
    </ClCompile>
    <ClCompile Include="src\Renderer.cpp">
      <Filter>src</Filter>
    </ClCompile>
    <ClCompile Include="src\Window\Window.cpp">
      <Filter>src</Filter>
    </ClCompile>
    <ClCompile Include="src\Graphics\DirectX\InfoQueue.cpp" />
    <ClCompile Include="src\Timer.cpp" />
    <ClCompile Include="src\Event\EventDispatcher.cpp" />
    <ClCompile Include="src\Event\EventSystem.cpp" />
  </ItemGroup>
  <ItemGroup>
    <FxCompile Include="resources\shaders\DefaultCubePS.hlsl">
      <Filter>resources\shaders</Filter>
    </FxCompile>
    <FxCompile Include="resources\shaders\DefaultCubeVS.hlsl">
      <Filter>resources\shaders</Filter>
    </FxCompile>
    <FxCompile Include="resources\shaders\DefaultRectVS.hlsl" />
    <FxCompile Include="resources\shaders\DefaultRectPS.hlsl" />
  </ItemGroup>
</Project>